
Microsoft Visual Studio Solution File, Format Version 12.00
# Visual Studio Version 16
VisualStudioVersion = 16.0.30114.105
MinimumVisualStudioVersion = 10.0.40219.1
Project("{FAE04EC0-301F-11D3-BF4B-00C04F79EFBC}") = "PokeApp.UWP", "PokeApp\PokeApp.UWP\PokeApp.UWP.csproj", "{EFB28F81-0959-491B-A7AC-29C5B5FAD7B1}"
EndProject
Project("{FAE04EC0-301F-11D3-BF4B-00C04F79EFBC}") = "PokeApp.Android", "PokeApp\PokeApp.Android\PokeApp.Android.csproj", "{857A4F50-90B3-4370-B6FB-BF4A7AF9B435}"
EndProject
Project("{FAE04EC0-301F-11D3-BF4B-00C04F79EFBC}") = "PokeApp.iOS", "PokeApp\PokeApp.iOS\PokeApp.iOS.csproj", "{624FD378-D316-468C-9DDF-731B53A7ADBA}"
EndProject
Project("{FAE04EC0-301F-11D3-BF4B-00C04F79EFBC}") = "PokeApp", "PokeApp\PokeApp\PokeApp.csproj", "{506DD631-38C9-4C03-B1FB-2E5728E24A6D}"
EndProject
Global
	GlobalSection(SolutionConfigurationPlatforms) = preSolution
		Debug|Any CPU = Debug|Any CPU
		Debug|ARM = Debug|ARM
		Debug|iPhone = Debug|iPhone
		Debug|iPhoneSimulator = Debug|iPhoneSimulator
		Debug|x64 = Debug|x64
		Debug|x86 = Debug|x86
		Release|Any CPU = Release|Any CPU
		Release|ARM = Release|ARM
		Release|iPhone = Release|iPhone
		Release|iPhoneSimulator = Release|iPhoneSimulator
		Release|x64 = Release|x64
		Release|x86 = Release|x86
	EndGlobalSection
	GlobalSection(ProjectConfigurationPlatforms) = postSolution
		{EFB28F81-0959-491B-A7AC-29C5B5FAD7B1}.Debug|Any CPU.ActiveCfg = Debug|x86
		{EFB28F81-0959-491B-A7AC-29C5B5FAD7B1}.Debug|Any CPU.Build.0 = Debug|x86
		{EFB28F81-0959-491B-A7AC-29C5B5FAD7B1}.Debug|Any CPU.Deploy.0 = Debug|x86
		{EFB28F81-0959-491B-A7AC-29C5B5FAD7B1}.Debug|ARM.ActiveCfg = Debug|ARM
		{EFB28F81-0959-491B-A7AC-29C5B5FAD7B1}.Debug|ARM.Build.0 = Debug|ARM
		{EFB28F81-0959-491B-A7AC-29C5B5FAD7B1}.Debug|ARM.Deploy.0 = Debug|ARM
		{EFB28F81-0959-491B-A7AC-29C5B5FAD7B1}.Debug|iPhone.ActiveCfg = Debug|x86
		{EFB28F81-0959-491B-A7AC-29C5B5FAD7B1}.Debug|iPhone.Build.0 = Debug|x86
		{EFB28F81-0959-491B-A7AC-29C5B5FAD7B1}.Debug|iPhone.Deploy.0 = Debug|x86
		{EFB28F81-0959-491B-A7AC-29C5B5FAD7B1}.Debug|iPhoneSimulator.ActiveCfg = Debug|x86
		{EFB28F81-0959-491B-A7AC-29C5B5FAD7B1}.Debug|iPhoneSimulator.Build.0 = Debug|x86
		{EFB28F81-0959-491B-A7AC-29C5B5FAD7B1}.Debug|iPhoneSimulator.Deploy.0 = Debug|x86
		{EFB28F81-0959-491B-A7AC-29C5B5FAD7B1}.Debug|x64.ActiveCfg = Debug|x64
		{EFB28F81-0959-491B-A7AC-29C5B5FAD7B1}.Debug|x64.Build.0 = Debug|x64
		{EFB28F81-0959-491B-A7AC-29C5B5FAD7B1}.Debug|x64.Deploy.0 = Debug|x64
		{EFB28F81-0959-491B-A7AC-29C5B5FAD7B1}.Debug|x86.ActiveCfg = Debug|x86
		{EFB28F81-0959-491B-A7AC-29C5B5FAD7B1}.Debug|x86.Build.0 = Debug|x86
		{EFB28F81-0959-491B-A7AC-29C5B5FAD7B1}.Debug|x86.Deploy.0 = Debug|x86
		{EFB28F81-0959-491B-A7AC-29C5B5FAD7B1}.Release|Any CPU.ActiveCfg = Release|x86
		{EFB28F81-0959-491B-A7AC-29C5B5FAD7B1}.Release|Any CPU.Build.0 = Release|x86
		{EFB28F81-0959-491B-A7AC-29C5B5FAD7B1}.Release|Any CPU.Deploy.0 = Release|x86
		{EFB28F81-0959-491B-A7AC-29C5B5FAD7B1}.Release|ARM.ActiveCfg = Release|ARM
		{EFB28F81-0959-491B-A7AC-29C5B5FAD7B1}.Release|ARM.Build.0 = Release|ARM
		{EFB28F81-0959-491B-A7AC-29C5B5FAD7B1}.Release|ARM.Deploy.0 = Release|ARM
		{EFB28F81-0959-491B-A7AC-29C5B5FAD7B1}.Release|iPhone.ActiveCfg = Release|x86
		{EFB28F81-0959-491B-A7AC-29C5B5FAD7B1}.Release|iPhone.Build.0 = Release|x86
		{EFB28F81-0959-491B-A7AC-29C5B5FAD7B1}.Release|iPhone.Deploy.0 = Release|x86
		{EFB28F81-0959-491B-A7AC-29C5B5FAD7B1}.Release|iPhoneSimulator.ActiveCfg = Release|x86
		{EFB28F81-0959-491B-A7AC-29C5B5FAD7B1}.Release|iPhoneSimulator.Build.0 = Release|x86
		{EFB28F81-0959-491B-A7AC-29C5B5FAD7B1}.Release|iPhoneSimulator.Deploy.0 = Release|x86
		{EFB28F81-0959-491B-A7AC-29C5B5FAD7B1}.Release|x64.ActiveCfg = Release|x64
		{EFB28F81-0959-491B-A7AC-29C5B5FAD7B1}.Release|x64.Build.0 = Release|x64
		{EFB28F81-0959-491B-A7AC-29C5B5FAD7B1}.Release|x64.Deploy.0 = Release|x64
		{EFB28F81-0959-491B-A7AC-29C5B5FAD7B1}.Release|x86.ActiveCfg = Release|x86
		{EFB28F81-0959-491B-A7AC-29C5B5FAD7B1}.Release|x86.Build.0 = Release|x86
		{EFB28F81-0959-491B-A7AC-29C5B5FAD7B1}.Release|x86.Deploy.0 = Release|x86
		{857A4F50-90B3-4370-B6FB-BF4A7AF9B435}.Debug|Any CPU.ActiveCfg = Debug|Any CPU
		{857A4F50-90B3-4370-B6FB-BF4A7AF9B435}.Debug|Any CPU.Build.0 = Debug|Any CPU
		{857A4F50-90B3-4370-B6FB-BF4A7AF9B435}.Debug|Any CPU.Deploy.0 = Debug|Any CPU
		{857A4F50-90B3-4370-B6FB-BF4A7AF9B435}.Debug|ARM.ActiveCfg = Debug|Any CPU
		{857A4F50-90B3-4370-B6FB-BF4A7AF9B435}.Debug|ARM.Build.0 = Debug|Any CPU
		{857A4F50-90B3-4370-B6FB-BF4A7AF9B435}.Debug|ARM.Deploy.0 = Debug|Any CPU
		{857A4F50-90B3-4370-B6FB-BF4A7AF9B435}.Debug|iPhone.ActiveCfg = Debug|Any CPU
		{857A4F50-90B3-4370-B6FB-BF4A7AF9B435}.Debug|iPhone.Build.0 = Debug|Any CPU
		{857A4F50-90B3-4370-B6FB-BF4A7AF9B435}.Debug|iPhone.Deploy.0 = Debug|Any CPU
		{857A4F50-90B3-4370-B6FB-BF4A7AF9B435}.Debug|iPhoneSimulator.ActiveCfg = Debug|Any CPU
		{857A4F50-90B3-4370-B6FB-BF4A7AF9B435}.Debug|iPhoneSimulator.Build.0 = Debug|Any CPU
		{857A4F50-90B3-4370-B6FB-BF4A7AF9B435}.Debug|iPhoneSimulator.Deploy.0 = Debug|Any CPU
		{857A4F50-90B3-4370-B6FB-BF4A7AF9B435}.Debug|x64.ActiveCfg = Debug|Any CPU
		{857A4F50-90B3-4370-B6FB-BF4A7AF9B435}.Debug|x64.Build.0 = Debug|Any CPU
		{857A4F50-90B3-4370-B6FB-BF4A7AF9B435}.Debug|x64.Deploy.0 = Debug|Any CPU
		{857A4F50-90B3-4370-B6FB-BF4A7AF9B435}.Debug|x86.ActiveCfg = Debug|Any CPU
		{857A4F50-90B3-4370-B6FB-BF4A7AF9B435}.Debug|x86.Build.0 = Debug|Any CPU
		{857A4F50-90B3-4370-B6FB-BF4A7AF9B435}.Debug|x86.Deploy.0 = Debug|Any CPU
		{857A4F50-90B3-4370-B6FB-BF4A7AF9B435}.Release|Any CPU.ActiveCfg = Release|Any CPU
		{857A4F50-90B3-4370-B6FB-BF4A7AF9B435}.Release|Any CPU.Build.0 = Release|Any CPU
		{857A4F50-90B3-4370-B6FB-BF4A7AF9B435}.Release|Any CPU.Deploy.0 = Release|Any CPU
		{857A4F50-90B3-4370-B6FB-BF4A7AF9B435}.Release|ARM.ActiveCfg = Release|Any CPU
		{857A4F50-90B3-4370-B6FB-BF4A7AF9B435}.Release|ARM.Build.0 = Release|Any CPU
		{857A4F50-90B3-4370-B6FB-BF4A7AF9B435}.Release|ARM.Deploy.0 = Release|Any CPU
		{857A4F50-90B3-4370-B6FB-BF4A7AF9B435}.Release|iPhone.ActiveCfg = Release|Any CPU
		{857A4F50-90B3-4370-B6FB-BF4A7AF9B435}.Release|iPhone.Build.0 = Release|Any CPU
		{857A4F50-90B3-4370-B6FB-BF4A7AF9B435}.Release|iPhone.Deploy.0 = Release|Any CPU
		{857A4F50-90B3-4370-B6FB-BF4A7AF9B435}.Release|iPhoneSimulator.ActiveCfg = Release|Any CPU
		{857A4F50-90B3-4370-B6FB-BF4A7AF9B435}.Release|iPhoneSimulator.Build.0 = Release|Any CPU
		{857A4F50-90B3-4370-B6FB-BF4A7AF9B435}.Release|iPhoneSimulator.Deploy.0 = Release|Any CPU
		{857A4F50-90B3-4370-B6FB-BF4A7AF9B435}.Release|x64.ActiveCfg = Release|Any CPU
		{857A4F50-90B3-4370-B6FB-BF4A7AF9B435}.Release|x64.Build.0 = Release|Any CPU
		{857A4F50-90B3-4370-B6FB-BF4A7AF9B435}.Release|x64.Deploy.0 = Release|Any CPU
		{857A4F50-90B3-4370-B6FB-BF4A7AF9B435}.Release|x86.ActiveCfg = Release|Any CPU
		{857A4F50-90B3-4370-B6FB-BF4A7AF9B435}.Release|x86.Build.0 = Release|Any CPU
		{857A4F50-90B3-4370-B6FB-BF4A7AF9B435}.Release|x86.Deploy.0 = Release|Any CPU
		{624FD378-D316-468C-9DDF-731B53A7ADBA}.Debug|Any CPU.ActiveCfg = Debug|iPhone
		{624FD378-D316-468C-9DDF-731B53A7ADBA}.Debug|Any CPU.Build.0 = Debug|iPhone
		{624FD378-D316-468C-9DDF-731B53A7ADBA}.Debug|Any CPU.Deploy.0 = Debug|iPhone
		{624FD378-D316-468C-9DDF-731B53A7ADBA}.Debug|ARM.ActiveCfg = Debug|iPhone
		{624FD378-D316-468C-9DDF-731B53A7ADBA}.Debug|ARM.Build.0 = Debug|iPhone
		{624FD378-D316-468C-9DDF-731B53A7ADBA}.Debug|ARM.Deploy.0 = Debug|iPhone
		{624FD378-D316-468C-9DDF-731B53A7ADBA}.Debug|iPhone.ActiveCfg = Debug|iPhone
		{624FD378-D316-468C-9DDF-731B53A7ADBA}.Debug|iPhone.Build.0 = Debug|iPhone
		{624FD378-D316-468C-9DDF-731B53A7ADBA}.Debug|iPhone.Deploy.0 = Debug|iPhone
		{624FD378-D316-468C-9DDF-731B53A7ADBA}.Debug|iPhoneSimulator.ActiveCfg = Debug|iPhoneSimulator
		{624FD378-D316-468C-9DDF-731B53A7ADBA}.Debug|iPhoneSimulator.Build.0 = Debug|iPhoneSimulator
		{624FD378-D316-468C-9DDF-731B53A7ADBA}.Debug|iPhoneSimulator.Deploy.0 = Debug|iPhoneSimulator
		{624FD378-D316-468C-9DDF-731B53A7ADBA}.Debug|x64.ActiveCfg = Debug|iPhone
		{624FD378-D316-468C-9DDF-731B53A7ADBA}.Debug|x64.Build.0 = Debug|iPhone
		{624FD378-D316-468C-9DDF-731B53A7ADBA}.Debug|x64.Deploy.0 = Debug|iPhone
		{624FD378-D316-468C-9DDF-731B53A7ADBA}.Debug|x86.ActiveCfg = Debug|iPhone
		{624FD378-D316-468C-9DDF-731B53A7ADBA}.Debug|x86.Build.0 = Debug|iPhone
		{624FD378-D316-468C-9DDF-731B53A7ADBA}.Debug|x86.Deploy.0 = Debug|iPhone
		{624FD378-D316-468C-9DDF-731B53A7ADBA}.Release|Any CPU.ActiveCfg = Release|iPhone
		{624FD378-D316-468C-9DDF-731B53A7ADBA}.Release|Any CPU.Build.0 = Release|iPhone
		{624FD378-D316-468C-9DDF-731B53A7ADBA}.Release|Any CPU.Deploy.0 = Release|iPhone
		{624FD378-D316-468C-9DDF-731B53A7ADBA}.Release|ARM.ActiveCfg = Release|iPhone
		{624FD378-D316-468C-9DDF-731B53A7ADBA}.Release|ARM.Build.0 = Release|iPhone
		{624FD378-D316-468C-9DDF-731B53A7ADBA}.Release|ARM.Deploy.0 = Release|iPhone
		{624FD378-D316-468C-9DDF-731B53A7ADBA}.Release|iPhone.ActiveCfg = Release|iPhone
		{624FD378-D316-468C-9DDF-731B53A7ADBA}.Release|iPhone.Build.0 = Release|iPhone
		{624FD378-D316-468C-9DDF-731B53A7ADBA}.Release|iPhone.Deploy.0 = Release|iPhone
		{624FD378-D316-468C-9DDF-731B53A7ADBA}.Release|iPhoneSimulator.ActiveCfg = Release|iPhoneSimulator
		{624FD378-D316-468C-9DDF-731B53A7ADBA}.Release|iPhoneSimulator.Build.0 = Release|iPhoneSimulator
		{624FD378-D316-468C-9DDF-731B53A7ADBA}.Release|iPhoneSimulator.Deploy.0 = Release|iPhoneSimulator
		{624FD378-D316-468C-9DDF-731B53A7ADBA}.Release|x64.ActiveCfg = Release|iPhone
		{624FD378-D316-468C-9DDF-731B53A7ADBA}.Release|x64.Build.0 = Release|iPhone
		{624FD378-D316-468C-9DDF-731B53A7ADBA}.Release|x64.Deploy.0 = Release|iPhone
		{624FD378-D316-468C-9DDF-731B53A7ADBA}.Release|x86.ActiveCfg = Release|iPhone
		{624FD378-D316-468C-9DDF-731B53A7ADBA}.Release|x86.Build.0 = Release|iPhone
		{624FD378-D316-468C-9DDF-731B53A7ADBA}.Release|x86.Deploy.0 = Release|iPhone
		{506DD631-38C9-4C03-B1FB-2E5728E24A6D}.Debug|Any CPU.ActiveCfg = Debug|Any CPU
		{506DD631-38C9-4C03-B1FB-2E5728E24A6D}.Debug|Any CPU.Build.0 = Debug|Any CPU
		{506DD631-38C9-4C03-B1FB-2E5728E24A6D}.Debug|Any CPU.Deploy.0 = Debug|Any CPU
		{506DD631-38C9-4C03-B1FB-2E5728E24A6D}.Debug|ARM.ActiveCfg = Debug|Any CPU
		{506DD631-38C9-4C03-B1FB-2E5728E24A6D}.Debug|ARM.Build.0 = Debug|Any CPU
		{506DD631-38C9-4C03-B1FB-2E5728E24A6D}.Debug|ARM.Deploy.0 = Debug|Any CPU
		{506DD631-38C9-4C03-B1FB-2E5728E24A6D}.Debug|iPhone.ActiveCfg = Debug|Any CPU
		{506DD631-38C9-4C03-B1FB-2E5728E24A6D}.Debug|iPhone.Build.0 = Debug|Any CPU
		{506DD631-38C9-4C03-B1FB-2E5728E24A6D}.Debug|iPhone.Deploy.0 = Debug|Any CPU
		{506DD631-38C9-4C03-B1FB-2E5728E24A6D}.Debug|iPhoneSimulator.ActiveCfg = Debug|Any CPU
		{506DD631-38C9-4C03-B1FB-2E5728E24A6D}.Debug|iPhoneSimulator.Build.0 = Debug|Any CPU
		{506DD631-38C9-4C03-B1FB-2E5728E24A6D}.Debug|iPhoneSimulator.Deploy.0 = Debug|Any CPU
		{506DD631-38C9-4C03-B1FB-2E5728E24A6D}.Debug|x64.ActiveCfg = Debug|Any CPU
		{506DD631-38C9-4C03-B1FB-2E5728E24A6D}.Debug|x64.Build.0 = Debug|Any CPU
		{506DD631-38C9-4C03-B1FB-2E5728E24A6D}.Debug|x64.Deploy.0 = Debug|Any CPU
		{506DD631-38C9-4C03-B1FB-2E5728E24A6D}.Debug|x86.ActiveCfg = Debug|Any CPU
		{506DD631-38C9-4C03-B1FB-2E5728E24A6D}.Debug|x86.Build.0 = Debug|Any CPU
		{506DD631-38C9-4C03-B1FB-2E5728E24A6D}.Debug|x86.Deploy.0 = Debug|Any CPU
		{506DD631-38C9-4C03-B1FB-2E5728E24A6D}.Release|Any CPU.ActiveCfg = Release|Any CPU
		{506DD631-38C9-4C03-B1FB-2E5728E24A6D}.Release|Any CPU.Build.0 = Release|Any CPU
		{506DD631-38C9-4C03-B1FB-2E5728E24A6D}.Release|Any CPU.Deploy.0 = Release|Any CPU
		{506DD631-38C9-4C03-B1FB-2E5728E24A6D}.Release|ARM.ActiveCfg = Release|Any CPU
		{506DD631-38C9-4C03-B1FB-2E5728E24A6D}.Release|ARM.Build.0 = Release|Any CPU
		{506DD631-38C9-4C03-B1FB-2E5728E24A6D}.Release|ARM.Deploy.0 = Release|Any CPU
		{506DD631-38C9-4C03-B1FB-2E5728E24A6D}.Release|iPhone.ActiveCfg = Release|Any CPU
		{506DD631-38C9-4C03-B1FB-2E5728E24A6D}.Release|iPhone.Build.0 = Release|Any CPU
		{506DD631-38C9-4C03-B1FB-2E5728E24A6D}.Release|iPhone.Deploy.0 = Release|Any CPU
		{506DD631-38C9-4C03-B1FB-2E5728E24A6D}.Release|iPhoneSimulator.ActiveCfg = Release|Any CPU
		{506DD631-38C9-4C03-B1FB-2E5728E24A6D}.Release|iPhoneSimulator.Build.0 = Release|Any CPU
		{506DD631-38C9-4C03-B1FB-2E5728E24A6D}.Release|iPhoneSimulator.Deploy.0 = Release|Any CPU
		{506DD631-38C9-4C03-B1FB-2E5728E24A6D}.Release|x64.ActiveCfg = Release|Any CPU
		{506DD631-38C9-4C03-B1FB-2E5728E24A6D}.Release|x64.Build.0 = Release|Any CPU
		{506DD631-38C9-4C03-B1FB-2E5728E24A6D}.Release|x64.Deploy.0 = Release|Any CPU
		{506DD631-38C9-4C03-B1FB-2E5728E24A6D}.Release|x86.ActiveCfg = Release|Any CPU
		{506DD631-38C9-4C03-B1FB-2E5728E24A6D}.Release|x86.Build.0 = Release|Any CPU
		{506DD631-38C9-4C03-B1FB-2E5728E24A6D}.Release|x86.Deploy.0 = Release|Any CPU
	EndGlobalSection
	GlobalSection(SolutionProperties) = preSolution
		HideSolutionNode = FALSE
	EndGlobalSection
	GlobalSection(ExtensibilityGlobals) = postSolution
		SolutionGuid = {D2E6F1EF-E4C8-4C3D-8D89-B11758ACB6F2}
	EndGlobalSection
EndGlobal
